
Microsoft Visual Studio Solution File, Format Version 12.00
# Visual Studio 15
VisualStudioVersion = 15.0.27004.2005
MinimumVisualStudioVersion = 10.0.40219.1
Project("{FAE04EC0-301F-11D3-BF4B-00C04F79EFBC}") = "be-altf1-libraries", "be-altf1-libraries\be-altf1-libraries.csproj", "{0D56F026-2227-48E2-94C0-AD600E911AB5}"
EndProject
Global
	GlobalSection(SolutionConfigurationPlatforms) = preSolution
		Debug|Any CPU = Debug|Any CPU
		Release|Any CPU = Release|Any CPU
	EndGlobalSection
	GlobalSection(ProjectConfigurationPlatforms) = postSolution
		{0D56F026-2227-48E2-94C0-AD600E911AB5}.Debug|Any CPU.ActiveCfg = Debug|Any CPU
		{0D56F026-2227-48E2-94C0-AD600E911AB5}.Debug|Any CPU.Build.0 = Debug|Any CPU
		{0D56F026-2227-48E2-94C0-AD600E911AB5}.Release|Any CPU.ActiveCfg = Release|Any CPU
		{0D56F026-2227-48E2-94C0-AD600E911AB5}.Release|Any CPU.Build.0 = Release|Any CPU
	EndGlobalSection
	GlobalSection(SolutionProperties) = preSolution
		HideSolutionNode = FALSE
	EndGlobalSection
	GlobalSection(ExtensibilityGlobals) = postSolution
		SolutionGuid = {CD8B15C2-ACAF-4116-A487-10533FA60C83}
	EndGlobalSection
EndGlobal
